
Microsoft Visual Studio Solution File, Format Version 12.00
# Visual Studio Version 17
VisualStudioVersion = 17.6.33712.159
MinimumVisualStudioVersion = 10.0.40219.1
Project("{FAE04EC0-301F-11D3-BF4B-00C04F79EFBC}") = "HiringApi", "HiringApi.csproj", "{C037B080-5C08-4D2C-8E91-01BCF5BD0369}"
EndProject
Global
	GlobalSection(SolutionConfigurationPlatforms) = preSolution
		Debug|Any CPU = Debug|Any CPU
		Release|Any CPU = Release|Any CPU
	EndGlobalSection
	GlobalSection(ProjectConfigurationPlatforms) = postSolution
		{C037B080-5C08-4D2C-8E91-01BCF5BD0369}.Debug|Any CPU.ActiveCfg = Debug|Any CPU
		{C037B080-5C08-4D2C-8E91-01BCF5BD0369}.Debug|Any CPU.Build.0 = Debug|Any CPU
		{C037B080-5C08-4D2C-8E91-01BCF5BD0369}.Release|Any CPU.ActiveCfg = Release|Any CPU
		{C037B080-5C08-4D2C-8E91-01BCF5BD0369}.Release|Any CPU.Build.0 = Release|Any CPU
	EndGlobalSection
	GlobalSection(SolutionProperties) = preSolution
		HideSolutionNode = FALSE
	EndGlobalSection
	GlobalSection(ExtensibilityGlobals) = postSolution
		SolutionGuid = {D6E757D9-E78D-47D6-8BEF-3918743CEEDF}
	EndGlobalSection
EndGlobal
